schema: '2.0'
stages:
  generate_baseline:
    cmd: python src/basic_log_reg.py data/model/vectorized_topickle.pkl data/model/labels2.pkl
      models/baseline/baseline_model.pkl models/baseline/baseline_metrics.json
    deps:
    - path: data/model/labels2.pkl
      md5: 73fbad94c60200e001e6ef41b8019b58
      size: 3334843
    - path: data/model/vectorized_topickle.pkl
      md5: 2f3da8c3473e07a0fbefeb712a232115
      size: 63349777
    - path: src/basic_log_reg.py
      md5: 7be385d8cdbb9f5cdcee11708cb457b8
      size: 3820
    outs:
    - path: models/baseline/baseline_metrics.json
      md5: a05fa27b0a0e14a96d50e43cede65c40
      size: 113
    - path: models/baseline/baseline_model.pkl
      md5: a0889d2d0eb7c366e7373d78f27cb89d
      size: 982
  generate_logreg_model:
    cmd: python src/model_log_reg.py data/model/trainingdata_withunsupervisedadded.pkl
      data/model/labels2.pkl models/supervised/logreg_model.pkl models/supervised/logreg_metrics.json
    deps:
    - path: data/model/labels2.pkl
      md5: 73fbad94c60200e001e6ef41b8019b58
      size: 3334843
    - path: data/model/trainingdata_withunsupervisedadded.pkl
      md5: 857ccd94d00861bd3ea96614acf58fee
      size: 83563784
    - path: src/model_log_reg.py
      md5: 44b1e0a3f01996110112b79f4d4250b0
      size: 4217
    outs:
    - path: models/supervised/logreg_metrics.json
      md5: 50e8c1019f3049f9eb485476c30bdecf
      size: 124
    - path: models/supervised/logreg_model.pkl
      md5: b5bacd7d8cad31ce940cb02ba1504d02
      size: 1031
  generate_rf_model:
    cmd: python src/model_rf.py data/model/trainingdata_withunsupervisedadded.pkl
      data/model/labels2.pkl models/supervised/rf_model.pkl models/supervised/rf_metrics.json
    deps:
    - path: data/model/labels2.pkl
      md5: 73fbad94c60200e001e6ef41b8019b58
      size: 3334843
    - path: data/model/trainingdata_withunsupervisedadded.pkl
      md5: 857ccd94d00861bd3ea96614acf58fee
      size: 83563784
    - path: src/model_rf.py
      md5: 74544f7443839bbca82e207b625c146e
      size: 3898
    outs:
    - path: models/supervised/rf_metrics.json
      md5: 88138e1d0a55f6bf32a98a2cb2a3e8b5
      size: 126
    - path: models/supervised/rf_model.pkl
      md5: 01848a04a51e26ca8f6ce840b69b98e1
      size: 105590698
  generate_kmeans_model:
    cmd: python src/model_kmeans.py data/model/vectorized_topickle.pkl data/model/trainingdata_withunsupervisedadded.pkl
      models/unsupervised/model_kmeans.pkl models/unsupervised/model_kmeans_metrics.json
    deps:
    - path: src/model_kmeans.py
      md5: bb56599951b5546ffdb6ff58d59d7a01
      size: 2751
    - path: src/vectorize_model_train_data.py
      md5: 6f279045d778cdba385dda108fdc6cd0
      size: 11534
    outs:
    - path: data/model/trainingdata_withunsupervisedadded.pkl
      md5: 857ccd94d00861bd3ea96614acf58fee
      size: 83563784
    - path: models/unsupervised/model_kmeans.pkl
      md5: cb6f4849eecf99bbe17b32d934185a02
      size: 1669408
    - path: models/unsupervised/model_kmeans_metrics.json
      md5: a0705e00a986b480ee9d287a522d80ff
      size: 128
